
Microsoft Visual Studio Solution File, Format Version 12.00
# Visual Studio Version 16
VisualStudioVersion = 16.0.31229.75
MinimumVisualStudioVersion = 10.0.40219.1
Project("{8BC9CEB8-8B4A-11D0-8D11-00A0C91BC942}") = "strlen", "strlen\strlen.vcxproj", "{689127A1-B9BC-4AD7-B8A6-D8FA307FB06E}"
EndProject
Global
	GlobalSection(SolutionConfigurationPlatforms) = preSolution
		Debug|x64 = Debug|x64
		Debug|x86 = Debug|x86
		Release|x64 = Release|x64
		Release|x86 = Release|x86
	EndGlobalSection
	GlobalSection(ProjectConfigurationPlatforms) = postSolution
		{689127A1-B9BC-4AD7-B8A6-D8FA307FB06E}.Debug|x64.ActiveCfg = Debug|x64
		{689127A1-B9BC-4AD7-B8A6-D8FA307FB06E}.Debug|x64.Build.0 = Debug|x64
		{689127A1-B9BC-4AD7-B8A6-D8FA307FB06E}.Debug|x86.ActiveCfg = Debug|Win32
		{689127A1-B9BC-4AD7-B8A6-D8FA307FB06E}.Debug|x86.Build.0 = Debug|Win32
		{689127A1-B9BC-4AD7-B8A6-D8FA307FB06E}.Release|x64.ActiveCfg = Release|x64
		{689127A1-B9BC-4AD7-B8A6-D8FA307FB06E}.Release|x64.Build.0 = Release|x64
		{689127A1-B9BC-4AD7-B8A6-D8FA307FB06E}.Release|x86.ActiveCfg = Release|Win32
		{689127A1-B9BC-4AD7-B8A6-D8FA307FB06E}.Release|x86.Build.0 = Release|Win32
	EndGlobalSection
	GlobalSection(SolutionProperties) = preSolution
		HideSolutionNode = FALSE
	EndGlobalSection
	GlobalSection(ExtensibilityGlobals) = postSolution
		SolutionGuid = {2CD38034-CA75-4F66-99A1-FBE80ECECB7F}
	EndGlobalSection
EndGlobal
